
Microsoft Visual Studio Solution File, Format Version 12.00
# Visual Studio Version 17
VisualStudioVersion = 17.9.34728.123
MinimumVisualStudioVersion = 10.0.40219.1
Project("{FAE04EC0-301F-11D3-BF4B-00C04F79EFBC}") = "TermoMatic", "TermoMatic\TermoMatic.csproj", "{D4103D4B-DF23-493D-BE65-4F988BA9E3DD}"
EndProject
Global
	GlobalSection(SolutionConfigurationPlatforms) = preSolution
		Debug|Any CPU = Debug|Any CPU
		Release|Any CPU = Release|Any CPU
	EndGlobalSection
	GlobalSection(ProjectConfigurationPlatforms) = postSolution
		{D4103D4B-DF23-493D-BE65-4F988BA9E3DD}.Debug|Any CPU.ActiveCfg = Debug|Any CPU
		{D4103D4B-DF23-493D-BE65-4F988BA9E3DD}.Debug|Any CPU.Build.0 = Debug|Any CPU
		{D4103D4B-DF23-493D-BE65-4F988BA9E3DD}.Release|Any CPU.ActiveCfg = Release|Any CPU
		{D4103D4B-DF23-493D-BE65-4F988BA9E3DD}.Release|Any CPU.Build.0 = Release|Any CPU
	EndGlobalSection
	GlobalSection(SolutionProperties) = preSolution
		HideSolutionNode = FALSE
	EndGlobalSection
	GlobalSection(ExtensibilityGlobals) = postSolution
		SolutionGuid = {76ACF26F-783F-4B63-8D05-C0934E0BDB11}
	EndGlobalSection
EndGlobal
